
Microsoft Visual Studio Solution File, Format Version 12.00
# Visual Studio Version 17
VisualStudioVersion = 17.13.35919.96 d17.13
MinimumVisualStudioVersion = 10.0.40219.1
Project("{FAE04EC0-301F-11D3-BF4B-00C04F79EFBC}") = "Gdzie jest dydelf", "Gdzie jest dydelf\Gdzie jest dydelf.csproj", "{8ADFE2CF-A2AE-4485-8EA4-6B1211C9289D}"
EndProject
Global
	GlobalSection(SolutionConfigurationPlatforms) = preSolution
		Debug|Any CPU = Debug|Any CPU
		Release|Any CPU = Release|Any CPU
	EndGlobalSection
	GlobalSection(ProjectConfigurationPlatforms) = postSolution
		{8ADFE2CF-A2AE-4485-8EA4-6B1211C9289D}.Debug|Any CPU.ActiveCfg = Debug|Any CPU
		{8ADFE2CF-A2AE-4485-8EA4-6B1211C9289D}.Debug|Any CPU.Build.0 = Debug|Any CPU
		{8ADFE2CF-A2AE-4485-8EA4-6B1211C9289D}.Release|Any CPU.ActiveCfg = Release|Any CPU
		{8ADFE2CF-A2AE-4485-8EA4-6B1211C9289D}.Release|Any CPU.Build.0 = Release|Any CPU
	EndGlobalSection
	GlobalSection(SolutionProperties) = preSolution
		HideSolutionNode = FALSE
	EndGlobalSection
	GlobalSection(ExtensibilityGlobals) = postSolution
		SolutionGuid = {2E860D5E-FAAE-4F01-AB5B-CD7F99D327C2}
	EndGlobalSection
EndGlobal
